// !$*UTF8*$!
{
	archiveVersion = 1;
	classes = {
	};
	objectVersion = 46;
	objects = {

/* Begin PBXBuildFile section */
		AB2A9A301DBB4600004FC92E /* AlamofireNetworkActivityLogger.h in Headers */ = {isa = PBXBuildFile; fileRef = AB2A9A2E1DBB4600004FC92E /* AlamofireNetworkActivityLogger.h */; settings = {ATTRIBUTES = (Public, ); }; };
		AB2A9A3A1DBB46C1004FC92E /* NetworkActivityLogger.swift in Sources */ = {isa = PBXBuildFile; fileRef = AB2A9A391DBB46C1004FC92E /* NetworkActivityLogger.swift */; };
		AB2A9A571DBB4EC9004FC92E /* Alamofire.framework in Frameworks */ = {isa = PBXBuildFile; fileRef = AB2A9A471DBB4E8A004FC92E /* Alamofire.framework */; };
		AB2A9A7F1DBB5497004FC92E /* AlamofireNetworkActivityLogger.h in Headers */ = {isa = PBXBuildFile; fileRef = AB2A9A2E1DBB4600004FC92E /* AlamofireNetworkActivityLogger.h */; settings = {ATTRIBUTES = (Public, ); }; };
		AB2A9A801DBB5497004FC92E /* AlamofireNetworkActivityLogger.h in Headers */ = {isa = PBXBuildFile; fileRef = AB2A9A2E1DBB4600004FC92E /* AlamofireNetworkActivityLogger.h */; settings = {ATTRIBUTES = (Public, ); }; };
		AB2A9A811DBB5498004FC92E /* AlamofireNetworkActivityLogger.h in Headers */ = {isa = PBXBuildFile; fileRef = AB2A9A2E1DBB4600004FC92E /* AlamofireNetworkActivityLogger.h */; settings = {ATTRIBUTES = (Public, ); }; };
		AB2A9A821DBB54D1004FC92E /* NetworkActivityLogger.swift in Sources */ = {isa = PBXBuildFile; fileRef = AB2A9A391DBB46C1004FC92E /* NetworkActivityLogger.swift */; };
		AB2A9A831DBB54D2004FC92E /* NetworkActivityLogger.swift in Sources */ = {isa = PBXBuildFile; fileRef = AB2A9A391DBB46C1004FC92E /* NetworkActivityLogger.swift */; };
		AB2A9A841DBB54D2004FC92E /* NetworkActivityLogger.swift in Sources */ = {isa = PBXBuildFile; fileRef = AB2A9A391DBB46C1004FC92E /* NetworkActivityLogger.swift */; };
		AB2A9A861DBB5522004FC92E /* Info-tvOS.plist in Resources */ = {isa = PBXBuildFile; fileRef = AB2A9A851DBB5522004FC92E /* Info-tvOS.plist */; };
/* End PBXBuildFile section */

/* Begin PBXContainerItemProxy section */
		AB2A9A461DBB4E8A004FC92E /* PBXContainerItemProxy */ = {
			isa = PBXContainerItemProxy;
			containerPortal = AB2A9A3B1DBB4E8A004FC92E /* Alamofire.xcodeproj */;
			proxyType = 2;
			remoteGlobalIDString = F8111E3319A95C8B0040E7D1;
			remoteInfo = "Alamofire iOS";
		};
		AB2A9A481DBB4E8A004FC92E /* PBXContainerItemProxy */ = {
			isa = PBXContainerItemProxy;
			containerPortal = AB2A9A3B1DBB4E8A004FC92E /* Alamofire.xcodeproj */;
			proxyType = 2;
			remoteGlobalIDString = F8111E3E19A95C8B0040E7D1;
			remoteInfo = "Alamofire iOS Tests";
		};
		AB2A9A4A1DBB4E8A004FC92E /* PBXContainerItemProxy */ = {
			isa = PBXContainerItemProxy;
			containerPortal = AB2A9A3B1DBB4E8A004FC92E /* Alamofire.xcodeproj */;
			proxyType = 2;
			remoteGlobalIDString = 4DD67C0B1A5C55C900ED2280;
			remoteInfo = "Alamofire macOS";
		};
		AB2A9A4C1DBB4E8A004FC92E /* PBXContainerItemProxy */ = {
			isa = PBXContainerItemProxy;
			containerPortal = AB2A9A3B1DBB4E8A004FC92E /* Alamofire.xcodeproj */;
			proxyType = 2;
			remoteGlobalIDString = F829C6B21A7A94F100A2CD59;
			remoteInfo = "Alamofire macOS Tests";
		};
		AB2A9A4E1DBB4E8A004FC92E /* PBXContainerItemProxy */ = {
			isa = PBXContainerItemProxy;
			containerPortal = AB2A9A3B1DBB4E8A004FC92E /* Alamofire.xcodeproj */;
			proxyType = 2;
			remoteGlobalIDString = 4CF626EF1BA7CB3E0011A099;
			remoteInfo = "Alamofire tvOS";
		};
		AB2A9A501DBB4E8A004FC92E /* PBXContainerItemProxy */ = {
			isa = PBXContainerItemProxy;
			containerPortal = AB2A9A3B1DBB4E8A004FC92E /* Alamofire.xcodeproj */;
			proxyType = 2;
			remoteGlobalIDString = 4CF626F81BA7CB3E0011A099;
			remoteInfo = "Alamofire tvOS Tests";
		};
		AB2A9A521DBB4E8A004FC92E /* PBXContainerItemProxy */ = {
			isa = PBXContainerItemProxy;
			containerPortal = AB2A9A3B1DBB4E8A004FC92E /* Alamofire.xcodeproj */;
			proxyType = 2;
			remoteGlobalIDString = E4202FE01B667AA100C997FB;
			remoteInfo = "Alamofire watchOS";
		};
		AB2A9A551DBB4EBE004FC92E /* PBXContainerItemProxy */ = {
			isa = PBXContainerItemProxy;
			containerPortal = AB2A9A3B1DBB4E8A004FC92E /* Alamofire.xcodeproj */;
			proxyType = 1;
			remoteGlobalIDString = F8111E3219A95C8B0040E7D1;
			remoteInfo = "Alamofire iOS";
		};
/* End PBXContainerItemProxy section */

/* Begin PBXFileReference section */
		AB2A9A2B1DBB4600004FC92E /* AlamofireNetworkActivityLogger.framework */ = {isa = PBXFileReference; explicitFileType = wrapper.framework; includeInIndex = 0; path = AlamofireNetworkActivityLogger.framework; sourceTree = BUILT_PRODUCTS_DIR; };
		AB2A9A2E1DBB4600004FC92E /* AlamofireNetworkActivityLogger.h */ = {isa = PBXFileReference; lastKnownFileType = sourcecode.c.h; path = AlamofireNetworkActivityLogger.h; sourceTree = "<group>"; };
		AB2A9A2F1DBB4600004FC92E /* Info.plist */ = {isa = PBXFileReference; lastKnownFileType = text.plist.xml; path = Info.plist; sourceTree = "<group>"; };
		AB2A9A391DBB46C1004FC92E /* NetworkActivityLogger.swift */ = {isa = PBXFileReference; fileEncoding = 4; lastKnownFileType = sourcecode.swift; path = NetworkActivityLogger.swift; sourceTree = "<group>"; };
		AB2A9A3B1DBB4E8A004FC92E /* Alamofire.xcodeproj */ = {isa = PBXFileReference; lastKnownFileType = "wrapper.pb-project"; name = Alamofire.xcodeproj; path = Carthage/Checkouts/Alamofire/Alamofire.xcodeproj; sourceTree = "<group>"; };
		AB2A9A5D1DBB5066004FC92E /* AlamofireNetworkActivityLogger.framework */ = {isa = PBXFileReference; explicitFileType = wrapper.framework; includeInIndex = 0; path = AlamofireNetworkActivityLogger.framework; sourceTree = BUILT_PRODUCTS_DIR; };
		AB2A9A6A1DBB5119004FC92E /* AlamofireNetworkActivityLogger.framework */ = {isa = PBXFileReference; explicitFileType = wrapper.framework; includeInIndex = 0; path = AlamofireNetworkActivityLogger.framework; sourceTree = BUILT_PRODUCTS_DIR; };
		AB2A9A771DBB512B004FC92E /* AlamofireNetworkActivityLogger.framework */ = {isa = PBXFileReference; explicitFileType = wrapper.framework; includeInIndex = 0; path = AlamofireNetworkActivityLogger.framework; sourceTree = BUILT_PRODUCTS_DIR; };
		AB2A9A851DBB5522004FC92E /* Info-tvOS.plist */ = {isa = PBXFileReference; fileEncoding = 4; lastKnownFileType = text.plist.xml; path = "Info-tvOS.plist"; sourceTree = "<group>"; };
/* End PBXFileReference section */

/* Begin PBXFrameworksBuildPhase section */
		AB2A9A271DBB4600004FC92E /* Frameworks */ = {
			isa = PBXFrameworksBuildPhase;
			buildActionMask = 2147483647;
			files = (
				AB2A9A571DBB4EC9004FC92E /* Alamofire.framework in Frameworks */,
			);
			runOnlyForDeploymentPostprocessing = 0;
		};
		AB2A9A591DBB5066004FC92E /* Frameworks */ = {
			isa = PBXFrameworksBuildPhase;
			buildActionMask = 2147483647;
			files = (
			);
			runOnlyForDeploymentPostprocessing = 0;
		};
		AB2A9A661DBB5119004FC92E /* Frameworks */ = {
			isa = PBXFrameworksBuildPhase;
			buildActionMask = 2147483647;
			files = (
			);
			runOnlyForDeploymentPostprocessing = 0;
		};
		AB2A9A731DBB512B004FC92E /* Frameworks */ = {
			isa = PBXFrameworksBuildPhase;
			buildActionMask = 2147483647;
			files = (
			);
			runOnlyForDeploymentPostprocessing = 0;
		};
/* End PBXFrameworksBuildPhase section */

/* Begin PBXGroup section */
		AB2A9A211DBB4600004FC92E = {
			isa = PBXGroup;
			children = (
				AB2A9A2D1DBB4600004FC92E /* Source */,
				AB2A9A2C1DBB4600004FC92E /* Products */,
				AB2A9A3B1DBB4E8A004FC92E /* Alamofire.xcodeproj */,
			);
			sourceTree = "<group>";
		};
		AB2A9A2C1DBB4600004FC92E /* Products */ = {
			isa = PBXGroup;
			children = (
				AB2A9A2B1DBB4600004FC92E /* AlamofireNetworkActivityLogger.framework */,
				AB2A9A5D1DBB5066004FC92E /* AlamofireNetworkActivityLogger.framework */,
				AB2A9A6A1DBB5119004FC92E /* AlamofireNetworkActivityLogger.framework */,
				AB2A9A771DBB512B004FC92E /* AlamofireNetworkActivityLogger.framework */,
			);
			name = Products;
			sourceTree = "<group>";
		};
		AB2A9A2D1DBB4600004FC92E /* Source */ = {
			isa = PBXGroup;
			children = (
				AB2A9A391DBB46C1004FC92E /* NetworkActivityLogger.swift */,
				AB2A9A381DBB469C004FC92E /* Supporting Files */,
			);
			path = Source;
			sourceTree = "<group>";
		};
		AB2A9A381DBB469C004FC92E /* Supporting Files */ = {
			isa = PBXGroup;
			children = (
				AB2A9A2E1DBB4600004FC92E /* AlamofireNetworkActivityLogger.h */,
				AB2A9A2F1DBB4600004FC92E /* Info.plist */,
				AB2A9A851DBB5522004FC92E /* Info-tvOS.plist */,
			);
			name = "Supporting Files";
			sourceTree = "<group>";
		};
		AB2A9A3C1DBB4E8A004FC92E /* Products */ = {
			isa = PBXGroup;
			children = (
				AB2A9A471DBB4E8A004FC92E /* Alamofire.framework */,
				AB2A9A491DBB4E8A004FC92E /* Alamofire iOS Tests.xctest */,
				AB2A9A4B1DBB4E8A004FC92E /* Alamofire.framework */,
				AB2A9A4D1DBB4E8A004FC92E /* Alamofire macOS Tests.xctest */,
				AB2A9A4F1DBB4E8A004FC92E /* Alamofire.framework */,
				AB2A9A511DBB4E8A004FC92E /* Alamofire tvOS Tests.xctest */,
				AB2A9A531DBB4E8A004FC92E /* Alamofire.framework */,
			);
			name = Products;
			sourceTree = "<group>";
		};
/* End PBXGroup section */

/* Begin PBXHeadersBuildPhase section */
		AB2A9A281DBB4600004FC92E /* Headers */ = {
			isa = PBXHeadersBuildPhase;
			buildActionMask = 2147483647;
			files = (
				AB2A9A301DBB4600004FC92E /* AlamofireNetworkActivityLogger.h in Headers */,
			);
			runOnlyForDeploymentPostprocessing = 0;
		};
		AB2A9A5A1DBB5066004FC92E /* Headers */ = {
			isa = PBXHeadersBuildPhase;
			buildActionMask = 2147483647;
			files = (
				AB2A9A7F1DBB5497004FC92E /* AlamofireNetworkActivityLogger.h in Headers */,
			);
			runOnlyForDeploymentPostprocessing = 0;
		};
		AB2A9A671DBB5119004FC92E /* Headers */ = {
			isa = PBXHeadersBuildPhase;
			buildActionMask = 2147483647;
			files = (
				AB2A9A801DBB5497004FC92E /* AlamofireNetworkActivityLogger.h in Headers */,
			);
			runOnlyForDeploymentPostprocessing = 0;
		};
		AB2A9A741DBB512B004FC92E /* Headers */ = {
			isa = PBXHeadersBuildPhase;
			buildActionMask = 2147483647;
			files = (
				AB2A9A811DBB5498004FC92E /* AlamofireNetworkActivityLogger.h in Headers */,
			);
			runOnlyForDeploymentPostprocessing = 0;
		};
/* End PBXHeadersBuildPhase section */

/* Begin PBXNativeTarget section */
		AB2A9A2A1DBB4600004FC92E /* AlamofireNetworkActivityLogger iOS */ = {
			isa = PBXNativeTarget;
			buildConfigurationList = AB2A9A331DBB4600004FC92E /* Build configuration list for PBXNativeTarget "AlamofireNetworkActivityLogger iOS" */;
			buildPhases = (
				AB2A9A261DBB4600004FC92E /* Sources */,
				AB2A9A271DBB4600004FC92E /* Frameworks */,
				AB2A9A281DBB4600004FC92E /* Headers */,
				AB2A9A291DBB4600004FC92E /* Resources */,
			);
			buildRules = (
			);
			dependencies = (
				AB2A9A561DBB4EBE004FC92E /* PBXTargetDependency */,
			);
			name = "AlamofireNetworkActivityLogger iOS";
			productName = AlamofireNetworkActivityLogger;
			productReference = AB2A9A2B1DBB4600004FC92E /* AlamofireNetworkActivityLogger.framework */;
			productType = "com.apple.product-type.framework";
		};
		AB2A9A5C1DBB5066004FC92E /* AlamofireNetworkActivityLogger macOS */ = {
			isa = PBXNativeTarget;
			buildConfigurationList = AB2A9A621DBB5067004FC92E /* Build configuration list for PBXNativeTarget "AlamofireNetworkActivityLogger macOS" */;
			buildPhases = (
				AB2A9A581DBB5066004FC92E /* Sources */,
				AB2A9A591DBB5066004FC92E /* Frameworks */,
				AB2A9A5A1DBB5066004FC92E /* Headers */,
				AB2A9A5B1DBB5066004FC92E /* Resources */,
			);
			buildRules = (
			);
			dependencies = (
			);
			name = "AlamofireNetworkActivityLogger macOS";
			productName = "AlamofireNetworkActivityLogger macOS";
			productReference = AB2A9A5D1DBB5066004FC92E /* AlamofireNetworkActivityLogger.framework */;
			productType = "com.apple.product-type.framework";
		};
		AB2A9A691DBB5119004FC92E /* AlamofireNetworkActivityLogger tvOS */ = {
			isa = PBXNativeTarget;
			buildConfigurationList = AB2A9A6F1DBB5119004FC92E /* Build configuration list for PBXNativeTarget "AlamofireNetworkActivityLogger tvOS" */;
			buildPhases = (
				AB2A9A651DBB5119004FC92E /* Sources */,
				AB2A9A661DBB5119004FC92E /* Frameworks */,
				AB2A9A671DBB5119004FC92E /* Headers */,
				AB2A9A681DBB5119004FC92E /* Resources */,
			);
			buildRules = (
			);
			dependencies = (
			);
			name = "AlamofireNetworkActivityLogger tvOS";
			productName = "AlamofireNetworkActivityLogger tvOS";
			productReference = AB2A9A6A1DBB5119004FC92E /* AlamofireNetworkActivityLogger.framework */;
			productType = "com.apple.product-type.framework";
		};
		AB2A9A761DBB512B004FC92E /* AlamofireNetworkActivityLogger watchOS */ = {
			isa = PBXNativeTarget;
			buildConfigurationList = AB2A9A7C1DBB512B004FC92E /* Build configuration list for PBXNativeTarget "AlamofireNetworkActivityLogger watchOS" */;
			buildPhases = (
				AB2A9A721DBB512B004FC92E /* Sources */,
				AB2A9A731DBB512B004FC92E /* Frameworks */,
				AB2A9A741DBB512B004FC92E /* Headers */,
				AB2A9A751DBB512B004FC92E /* Resources */,
			);
			buildRules = (
			);
			dependencies = (
			);
			name = "AlamofireNetworkActivityLogger watchOS";
			productName = "AlamofireNetworkActivityLogger watchOS";
			productReference = AB2A9A771DBB512B004FC92E /* AlamofireNetworkActivityLogger.framework */;
			productType = "com.apple.product-type.framework";
		};
/* End PBXNativeTarget section */

/* Begin PBXProject section */
		AB2A9A221DBB4600004FC92E /* Project object */ = {
			isa = PBXProject;
			attributes = {
				LastUpgradeCheck = 0920;
				ORGANIZATIONNAME = "RKT Studio";
				TargetAttributes = {
					AB2A9A2A1DBB4600004FC92E = {
						CreatedOnToolsVersion = 8.0;
						LastSwiftMigration = 0920;
						ProvisioningStyle = Automatic;
					};
					AB2A9A5C1DBB5066004FC92E = {
						CreatedOnToolsVersion = 8.0;
						ProvisioningStyle = Automatic;
					};
					AB2A9A691DBB5119004FC92E = {
						CreatedOnToolsVersion = 8.0;
						ProvisioningStyle = Automatic;
					};
					AB2A9A761DBB512B004FC92E = {
						CreatedOnToolsVersion = 8.0;
						ProvisioningStyle = Automatic;
					};
				};
			};
			buildConfigurationList = AB2A9A251DBB4600004FC92E /* Build configuration list for PBXProject "AlamofireNetworkActivityLogger" */;
			compatibilityVersion = "Xcode 3.2";
			developmentRegion = English;
			hasScannedForEncodings = 0;
			knownRegions = (
				en,
			);
			mainGroup = AB2A9A211DBB4600004FC92E;
			productRefGroup = AB2A9A2C1DBB4600004FC92E /* Products */;
			projectDirPath = "";
			projectReferences = (
				{
					ProductGroup = AB2A9A3C1DBB4E8A004FC92E /* Products */;
					ProjectRef = AB2A9A3B1DBB4E8A004FC92E /* Alamofire.xcodeproj */;
				},
			);
			projectRoot = "";
			targets = (
				AB2A9A2A1DBB4600004FC92E /* AlamofireNetworkActivityLogger iOS */,
				AB2A9A5C1DBB5066004FC92E /* AlamofireNetworkActivityLogger macOS */,
				AB2A9A691DBB5119004FC92E /* AlamofireNetworkActivityLogger tvOS */,
				AB2A9A761DBB512B004FC92E /* AlamofireNetworkActivityLogger watchOS */,
			);
		};
/* End PBXProject section */

/* Begin PBXReferenceProxy section */
		AB2A9A471DBB4E8A004FC92E /* Alamofire.framework */ = {
			isa = PBXReferenceProxy;
			fileType = wrapper.framework;
			path = Alamofire.framework;
			remoteRef = AB2A9A461DBB4E8A004FC92E /* PBXContainerItemProxy */;
			sourceTree = BUILT_PRODUCTS_DIR;
		};
		AB2A9A491DBB4E8A004FC92E /* Alamofire iOS Tests.xctest */ = {
			isa = PBXReferenceProxy;
			fileType = wrapper.cfbundle;
			path = "Alamofire iOS Tests.xctest";
			remoteRef = AB2A9A481DBB4E8A004FC92E /* PBXContainerItemProxy */;
			sourceTree = BUILT_PRODUCTS_DIR;
		};
		AB2A9A4B1DBB4E8A004FC92E /* Alamofire.framework */ = {
			isa = PBXReferenceProxy;
			fileType = wrapper.framework;
			path = Alamofire.framework;
			remoteRef = AB2A9A4A1DBB4E8A004FC92E /* PBXContainerItemProxy */;
			sourceTree = BUILT_PRODUCTS_DIR;
		};
		AB2A9A4D1DBB4E8A004FC92E /* Alamofire macOS Tests.xctest */ = {
			isa = PBXReferenceProxy;
			fileType = wrapper.cfbundle;
			path = "Alamofire macOS Tests.xctest";
			remoteRef = AB2A9A4C1DBB4E8A004FC92E /* PBXContainerItemProxy */;
			sourceTree = BUILT_PRODUCTS_DIR;
		};
		AB2A9A4F1DBB4E8A004FC92E /* Alamofire.framework */ = {
			isa = PBXReferenceProxy;
			fileType = wrapper.framework;
			path = Alamofire.framework;
			remoteRef = AB2A9A4E1DBB4E8A004FC92E /* PBXContainerItemProxy */;
			sourceTree = BUILT_PRODUCTS_DIR;
		};
		AB2A9A511DBB4E8A004FC92E /* Alamofire tvOS Tests.xctest */ = {
			isa = PBXReferenceProxy;
			fileType = wrapper.cfbundle;
			path = "Alamofire tvOS Tests.xctest";
			remoteRef = AB2A9A501DBB4E8A004FC92E /* PBXContainerItemProxy */;
			sourceTree = BUILT_PRODUCTS_DIR;
		};
		AB2A9A531DBB4E8A004FC92E /* Alamofire.framework */ = {
			isa = PBXReferenceProxy;
			fileType = wrapper.framework;
			path = Alamofire.framework;
			remoteRef = AB2A9A521DBB4E8A004FC92E /* PBXContainerItemProxy */;
			sourceTree = BUILT_PRODUCTS_DIR;
		};
/* End PBXReferenceProxy section */

/* Begin PBXResourcesBuildPhase section */
		AB2A9A291DBB4600004FC92E /* Resources */ = {
			isa = PBXResourcesBuildPhase;
			buildActionMask = 2147483647;
			files = (
				AB2A9A861DBB5522004FC92E /* Info-tvOS.plist in Resources */,
			);
			runOnlyForDeploymentPostprocessing = 0;
		};
		AB2A9A5B1DBB5066004FC92E /* Resources */ = {
			isa = PBXResourcesBuildPhase;
			buildActionMask = 2147483647;
			files = (
			);
			runOnlyForDeploymentPostprocessing = 0;
		};
		AB2A9A681DBB5119004FC92E /* Resources */ = {
			isa = PBXResourcesBuildPhase;
			buildActionMask = 2147483647;
			files = (
			);
			runOnlyForDeploymentPostprocessing = 0;
		};
		AB2A9A751DBB512B004FC92E /* Resources */ = {
			isa = PBXResourcesBuildPhase;
			buildActionMask = 2147483647;
			files = (
			);
			runOnlyForDeploymentPostprocessing = 0;
		};
/* End PBXResourcesBuildPhase section */

/* Begin PBXSourcesBuildPhase section */
		AB2A9A261DBB4600004FC92E /* Sources */ = {
			isa = PBXSourcesBuildPhase;
			buildActionMask = 2147483647;
			files = (
				AB2A9A3A1DBB46C1004FC92E /* NetworkActivityLogger.swift in Sources */,
			);
			runOnlyForDeploymentPostprocessing = 0;
		};
		AB2A9A581DBB5066004FC92E /* Sources */ = {
			isa = PBXSourcesBuildPhase;
			buildActionMask = 2147483647;
			files = (
				AB2A9A821DBB54D1004FC92E /* NetworkActivityLogger.swift in Sources */,
			);
			runOnlyForDeploymentPostprocessing = 0;
		};
		AB2A9A651DBB5119004FC92E /* Sources */ = {
			isa = PBXSourcesBuildPhase;
			buildActionMask = 2147483647;
			files = (
				AB2A9A831DBB54D2004FC92E /* NetworkActivityLogger.swift in Sources */,
			);
			runOnlyForDeploymentPostprocessing = 0;
		};
		AB2A9A721DBB512B004FC92E /* Sources */ = {
			isa = PBXSourcesBuildPhase;
			buildActionMask = 2147483647;
			files = (
				AB2A9A841DBB54D2004FC92E /* NetworkActivityLogger.swift in Sources */,
			);
			runOnlyForDeploymentPostprocessing = 0;
		};
/* End PBXSourcesBuildPhase section */

/* Begin PBXTargetDependency section */
		AB2A9A561DBB4EBE004FC92E /* PBXTargetDependency */ = {
			isa = PBXTargetDependency;
			name = "Alamofire iOS";
			targetProxy = AB2A9A551DBB4EBE004FC92E /* PBXContainerItemProxy */;
		};
/* End PBXTargetDependency section */

/* Begin XCBuildConfiguration section */
		AB2A9A311DBB4600004FC92E /* Debug */ = {
			isa = XCBuildConfiguration;
			buildSettings = {
				ALWAYS_SEARCH_USER_PATHS = NO;
				CLANG_ANALYZER_NONNULL = YES;
				CLANG_CXX_LANGUAGE_STANDARD = "gnu++0x";
				CLANG_CXX_LIBRARY = "libc++";
				CLANG_ENABLE_MODULES = YES;
				CLANG_ENABLE_OBJC_ARC = YES;
				CLANG_WARN_BLOCK_CAPTURE_AUTORELEASING = YES;
				CLANG_WARN_BOOL_CONVERSION = YES;
				CLANG_WARN_COMMA = YES;
				CLANG_WARN_CONSTANT_CONVERSION = YES;
				CLANG_WARN_DIRECT_OBJC_ISA_USAGE = YES_ERROR;
				CLANG_WARN_DOCUMENTATION_COMMENTS = YES;
				CLANG_WARN_EMPTY_BODY = YES;
				CLANG_WARN_ENUM_CONVERSION = YES;
				CLANG_WARN_INFINITE_RECURSION = YES;
				CLANG_WARN_INT_CONVERSION = YES;
				CLANG_WARN_NON_LITERAL_NULL_CONVERSION = YES;
				CLANG_WARN_OBJC_LITERAL_CONVERSION = YES;
				CLANG_WARN_OBJC_ROOT_CLASS = YES_ERROR;
				CLANG_WARN_RANGE_LOOP_ANALYSIS = YES;
				CLANG_WARN_STRICT_PROTOTYPES = YES;
				CLANG_WARN_SUSPICIOUS_MOVE = YES;
				CLANG_WARN_SUSPICIOUS_MOVES = YES;
				CLANG_WARN_UNREACHABLE_CODE = YES;
				CLANG_WARN__DUPLICATE_METHOD_MATCH = YES;
				"CODE_SIGN_IDENTITY[sdk=iphoneos*]" = "iPhone Developer";
				COPY_PHASE_STRIP = NO;
				CURRENT_PROJECT_VERSION = 1;
				DEBUG_INFORMATION_FORMAT = dwarf;
				ENABLE_STRICT_OBJC_MSGSEND = YES;
				ENABLE_TESTABILITY = YES;
				GCC_C_LANGUAGE_STANDARD = gnu99;
				GCC_DYNAMIC_NO_PIC = NO;
				GCC_NO_COMMON_BLOCKS = YES;
				GCC_OPTIMIZATION_LEVEL = 0;
				GCC_PREPROCESSOR_DEFINITIONS = (
					"DEBUG=1",
					"$(inherited)",
				);
				GCC_WARN_64_TO_32_BIT_CONVERSION = YES;
				GCC_WARN_ABOUT_RETURN_TYPE = YES_ERROR;
				GCC_WARN_UNDECLARED_SELECTOR = YES;
				GCC_WARN_UNINITIALIZED_AUTOS = YES_AGGRESSIVE;
				GCC_WARN_UNUSED_FUNCTION = YES;
				GCC_WARN_UNUSED_VARIABLE = YES;
				IPHONEOS_DEPLOYMENT_TARGET = 9.0;
				MACOSX_DEPLOYMENT_TARGET = 10.11;
				MTL_ENABLE_DEBUG_INFO = YES;
				ONLY_ACTIVE_ARCH = YES;
				SDKROOT = iphoneos;
				SWIFT_ACTIVE_COMPILATION_CONDITIONS = DEBUG;
				SWIFT_OPTIMIZATION_LEVEL = "-Onone";
				SWIFT_VERSION = 3.0;
				TARGETED_DEVICE_FAMILY = "1,2";
				TVOS_DEPLOYMENT_TARGET = 9.0;
				VERSIONING_SYSTEM = "apple-generic";
				VERSION_INFO_PREFIX = "";
				WATCHOS_DEPLOYMENT_TARGET = 2.0;
			};
			name = Debug;
		};
		AB2A9A321DBB4600004FC92E /* Release */ = {
			isa = XCBuildConfiguration;
			buildSettings = {
				ALWAYS_SEARCH_USER_PATHS = NO;
				CLANG_ANALYZER_NONNULL = YES;
				CLANG_CXX_LANGUAGE_STANDARD = "gnu++0x";
				CLANG_CXX_LIBRARY = "libc++";
				CLANG_ENABLE_MODULES = YES;
				CLANG_ENABLE_OBJC_ARC = YES;
				CLANG_WARN_BLOCK_CAPTURE_AUTORELEASING = YES;
				CLANG_WARN_BOOL_CONVERSION = YES;
				CLANG_WARN_COMMA = YES;
				CLANG_WARN_CONSTANT_CONVERSION = YES;
				CLANG_WARN_DIRECT_OBJC_ISA_USAGE = YES_ERROR;
				CLANG_WARN_DOCUMENTATION_COMMENTS = YES;
				CLANG_WARN_EMPTY_BODY = YES;
				CLANG_WARN_ENUM_CONVERSION = YES;
				CLANG_WARN_INFINITE_RECURSION = YES;
				CLANG_WARN_INT_CONVERSION = YES;
				CLANG_WARN_NON_LITERAL_NULL_CONVERSION = YES;
				CLANG_WARN_OBJC_LITERAL_CONVERSION = YES;
				CLANG_WARN_OBJC_ROOT_CLASS = YES_ERROR;
				CLANG_WARN_RANGE_LOOP_ANALYSIS = YES;
				CLANG_WARN_STRICT_PROTOTYPES = YES;
				CLANG_WARN_SUSPICIOUS_MOVE = YES;
				CLANG_WARN_SUSPICIOUS_MOVES = YES;
				CLANG_WARN_UNREACHABLE_CODE = YES;
				CLANG_WARN__DUPLICATE_METHOD_MATCH = YES;
				"CODE_SIGN_IDENTITY[sdk=iphoneos*]" = "iPhone Developer";
				COPY_PHASE_STRIP = NO;
				CURRENT_PROJECT_VERSION = 1;
				DEBUG_INFORMATION_FORMAT = "dwarf-with-dsym";
				ENABLE_NS_ASSERTIONS = NO;
				ENABLE_STRICT_OBJC_MSGSEND = YES;
				GCC_C_LANGUAGE_STANDARD = gnu99;
				GCC_NO_COMMON_BLOCKS = YES;
				GCC_WARN_64_TO_32_BIT_CONVERSION = YES;
				GCC_WARN_ABOUT_RETURN_TYPE = YES_ERROR;
				GCC_WARN_UNDECLARED_SELECTOR = YES;
				GCC_WARN_UNINITIALIZED_AUTOS = YES_AGGRESSIVE;
				GCC_WARN_UNUSED_FUNCTION = YES;
				GCC_WARN_UNUSED_VARIABLE = YES;
				IPHONEOS_DEPLOYMENT_TARGET = 9.0;
				MACOSX_DEPLOYMENT_TARGET = 10.11;
				MTL_ENABLE_DEBUG_INFO = NO;
				SDKROOT = iphoneos;
				SWIFT_OPTIMIZATION_LEVEL = "-Owholemodule";
				SWIFT_VERSION = 3.0;
				TARGETED_DEVICE_FAMILY = "1,2";
				TVOS_DEPLOYMENT_TARGET = 9.0;
				VALIDATE_PRODUCT = YES;
				VERSIONING_SYSTEM = "apple-generic";
				VERSION_INFO_PREFIX = "";
				WATCHOS_DEPLOYMENT_TARGET = 2.0;
			};
			name = Release;
		};
		AB2A9A341DBB4600004FC92E /* Debug */ = {
			isa = XCBuildConfiguration;
			buildSettings = {
				CLANG_ENABLE_MODULES = YES;
				CODE_SIGN_IDENTITY = "";
				DEFINES_MODULE = YES;
				DYLIB_COMPATIBILITY_VERSION = 1;
				DYLIB_CURRENT_VERSION = 1;
				DYLIB_INSTALL_NAME_BASE = "@rpath";
				INFOPLIST_FILE = Source/Info.plist;
				INSTALL_PATH = "$(LOCAL_LIBRARY_DIR)/Frameworks";
				LD_RUNPATH_SEARCH_PATHS = "$(inherited) @executable_path/Frameworks @loader_path/Frameworks";
				PRODUCT_BUNDLE_IDENTIFIER = org.alamofire.AlamofireNetworkActivityLogger;
				PRODUCT_NAME = AlamofireNetworkActivityLogger;
				SKIP_INSTALL = YES;
			};
			name = Debug;
		};
		AB2A9A351DBB4600004FC92E /* Release */ = {
			isa = XCBuildConfiguration;
			buildSettings = {
				CLANG_ENABLE_MODULES = YES;
				CODE_SIGN_IDENTITY = "";
				DEFINES_MODULE = YES;
				DYLIB_COMPATIBILITY_VERSION = 1;
				DYLIB_CURRENT_VERSION = 1;
				DYLIB_INSTALL_NAME_BASE = "@rpath";
				INFOPLIST_FILE = Source/Info.plist;
				INSTALL_PATH = "$(LOCAL_LIBRARY_DIR)/Frameworks";
				LD_RUNPATH_SEARCH_PATHS = "$(inherited) @executable_path/Frameworks @loader_path/Frameworks";
				PRODUCT_BUNDLE_IDENTIFIER = org.alamofire.AlamofireNetworkActivityLogger;
				PRODUCT_NAME = AlamofireNetworkActivityLogger;
				SKIP_INSTALL = YES;
			};
			name = Release;
		};
		AB2A9A631DBB5067004FC92E /* Debug */ = {
			isa = XCBuildConfiguration;
			buildSettings = {
				CODE_SIGN_IDENTITY = "-";
				COMBINE_HIDPI_IMAGES = YES;
				DEFINES_MODULE = YES;
				DYLIB_COMPATIBILITY_VERSION = 1;
				DYLIB_CURRENT_VERSION = 1;
				DYLIB_INSTALL_NAME_BASE = "@rpath";
				FRAMEWORK_VERSION = A;
				INFOPLIST_FILE = Source/Info.plist;
				INSTALL_PATH = "$(LOCAL_LIBRARY_DIR)/Frameworks";
				LD_RUNPATH_SEARCH_PATHS = "$(inherited) @executable_path/../Frameworks @loader_path/Frameworks";
				PRODUCT_BUNDLE_IDENTIFIER = org.alamofire.AlamofireNetworkActivityLogger;
				PRODUCT_NAME = AlamofireNetworkActivityLogger;
				SDKROOT = macosx;
				SKIP_INSTALL = YES;
			};
			name = Debug;
		};
		AB2A9A641DBB5067004FC92E /* Release */ = {
			isa = XCBuildConfiguration;
			buildSettings = {
				CODE_SIGN_IDENTITY = "-";
				COMBINE_HIDPI_IMAGES = YES;
				DEFINES_MODULE = YES;
				DYLIB_COMPATIBILITY_VERSION = 1;
				DYLIB_CURRENT_VERSION = 1;
				DYLIB_INSTALL_NAME_BASE = "@rpath";
				FRAMEWORK_VERSION = A;
				INFOPLIST_FILE = Source/Info.plist;
				INSTALL_PATH = "$(LOCAL_LIBRARY_DIR)/Frameworks";
				LD_RUNPATH_SEARCH_PATHS = "$(inherited) @executable_path/../Frameworks @loader_path/Frameworks";
				PRODUCT_BUNDLE_IDENTIFIER = org.alamofire.AlamofireNetworkActivityLogger;
				PRODUCT_NAME = AlamofireNetworkActivityLogger;
				SDKROOT = macosx;
				SKIP_INSTALL = YES;
			};
			name = Release;
		};
		AB2A9A701DBB5119004FC92E /* Debug */ = {
			isa = XCBuildConfiguration;
			buildSettings = {
				CODE_SIGN_IDENTITY = "";
				DEFINES_MODULE = YES;
				DYLIB_COMPATIBILITY_VERSION = 1;
				DYLIB_CURRENT_VERSION = 1;
				DYLIB_INSTALL_NAME_BASE = "@rpath";
				INFOPLIST_FILE = "Source/Info-tvOS.plist";
				INSTALL_PATH = "$(LOCAL_LIBRARY_DIR)/Frameworks";
				LD_RUNPATH_SEARCH_PATHS = "$(inherited) @executable_path/Frameworks @loader_path/Frameworks";
				PRODUCT_BUNDLE_IDENTIFIER = org.alamofire.AlamofireNetworkActivityLogger;
				PRODUCT_NAME = AlamofireNetworkActivityLogger;
				SDKROOT = appletvos;
				SKIP_INSTALL = YES;
				TARGETED_DEVICE_FAMILY = 3;
			};
			name = Debug;
		};
		AB2A9A711DBB5119004FC92E /* Release */ = {
			isa = XCBuildConfiguration;
			buildSettings = {
				CODE_SIGN_IDENTITY = "";
				DEFINES_MODULE = YES;
				DYLIB_COMPATIBILITY_VERSION = 1;
				DYLIB_CURRENT_VERSION = 1;
				DYLIB_INSTALL_NAME_BASE = "@rpath";
				INFOPLIST_FILE = "Source/Info-tvOS.plist";
				INSTALL_PATH = "$(LOCAL_LIBRARY_DIR)/Frameworks";
				LD_RUNPATH_SEARCH_PATHS = "$(inherited) @executable_path/Frameworks @loader_path/Frameworks";
				PRODUCT_BUNDLE_IDENTIFIER = org.alamofire.AlamofireNetworkActivityLogger;
				PRODUCT_NAME = AlamofireNetworkActivityLogger;
				SDKROOT = appletvos;
				SKIP_INSTALL = YES;
				TARGETED_DEVICE_FAMILY = 3;
			};
			name = Release;
		};
		AB2A9A7D1DBB512B004FC92E /* Debug */ = {
			isa = XCBuildConfiguration;
			buildSettings = {
				APPLICATION_EXTENSION_API_ONLY = YES;
				CODE_SIGN_IDENTITY = "";
				DEFINES_MODULE = YES;
				DYLIB_COMPATIBILITY_VERSION = 1;
				DYLIB_CURRENT_VERSION = 1;
				DYLIB_INSTALL_NAME_BASE = "@rpath";
				INFOPLIST_FILE = Source/Info.plist;
				INSTALL_PATH = "$(LOCAL_LIBRARY_DIR)/Frameworks";
				LD_RUNPATH_SEARCH_PATHS = "$(inherited) @executable_path/Frameworks @loader_path/Frameworks";
				PRODUCT_BUNDLE_IDENTIFIER = org.alamofire.AlamofireNetworkActivityLogger;
				PRODUCT_NAME = AlamofireNetworkActivityLogger;
				SDKROOT = watchos;
				SKIP_INSTALL = YES;
				TARGETED_DEVICE_FAMILY = 4;
			};
			name = Debug;
		};
		AB2A9A7E1DBB512B004FC92E /* Release */ = {
			isa = XCBuildConfiguration;
			buildSettings = {
				APPLICATION_EXTENSION_API_ONLY = YES;
				CODE_SIGN_IDENTITY = "";
				DEFINES_MODULE = YES;
				DYLIB_COMPATIBILITY_VERSION = 1;
				DYLIB_CURRENT_VERSION = 1;
				DYLIB_INSTALL_NAME_BASE = "@rpath";
				INFOPLIST_FILE = Source/Info.plist;
				INSTALL_PATH = "$(LOCAL_LIBRARY_DIR)/Frameworks";
				LD_RUNPATH_SEARCH_PATHS = "$(inherited) @executable_path/Frameworks @loader_path/Frameworks";
				PRODUCT_BUNDLE_IDENTIFIER = org.alamofire.AlamofireNetworkActivityLogger;
				PRODUCT_NAME = AlamofireNetworkActivityLogger;
				SDKROOT = watchos;
				SKIP_INSTALL = YES;
				TARGETED_DEVICE_FAMILY = 4;
			};
			name = Release;
		};
/* End XCBuildConfiguration section */

/* Begin XCConfigurationList section */
		AB2A9A251DBB4600004FC92E /* Build configuration list for PBXProject "AlamofireNetworkActivityLogger" */ = {
			isa = XCConfigurationList;
			buildConfigurations = (
				AB2A9A311DBB4600004FC92E /* Debug */,
				AB2A9A321DBB4600004FC92E /* Release */,
			);
			defaultConfigurationIsVisible = 0;
			defaultConfigurationName = Release;
		};
		AB2A9A331DBB4600004FC92E /* Build configuration list for PBXNativeTarget "AlamofireNetworkActivityLogger iOS" */ = {
			isa = XCConfigurationList;
			buildConfigurations = (
				AB2A9A341DBB4600004FC92E /* Debug */,
				AB2A9A351DBB4600004FC92E /* Release */,
			);
			defaultConfigurationIsVisible = 0;
			defaultConfigurationName = Release;
		};
		AB2A9A621DBB5067004FC92E /* Build configuration list for PBXNativeTarget "AlamofireNetworkActivityLogger macOS" */ = {
			isa = XCConfigurationList;
			buildConfigurations = (
				AB2A9A631DBB5067004FC92E /* Debug */,
				AB2A9A641DBB5067004FC92E /* Release */,
			);
			defaultConfigurationIsVisible = 0;
			defaultConfigurationName = Release;
		};
		AB2A9A6F1DBB5119004FC92E /* Build configuration list for PBXNativeTarget "AlamofireNetworkActivityLogger tvOS" */ = {
			isa = XCConfigurationList;
			buildConfigurations = (
				AB2A9A701DBB5119004FC92E /* Debug */,
				AB2A9A711DBB5119004FC92E /* Release */,
			);
			defaultConfigurationIsVisible = 0;
			defaultConfigurationName = Release;
		};
		AB2A9A7C1DBB512B004FC92E /* Build configuration list for PBXNativeTarget "AlamofireNetworkActivityLogger watchOS" */ = {
			isa = XCConfigurationList;
			buildConfigurations = (
				AB2A9A7D1DBB512B004FC92E /* Debug */,
				AB2A9A7E1DBB512B004FC92E /* Release */,
			);
			defaultConfigurationIsVisible = 0;
			defaultConfigurationName = Release;
		};
/* End XCConfigurationList section */
	};
	rootObject = AB2A9A221DBB4600004FC92E /* Project object */;
}
